
Microsoft Visual Studio Solution File, Format Version 12.00
# Visual Studio 15
VisualStudioVersion = 15.0.26206.0
MinimumVisualStudioVersion = 10.0.40219.1
Project("{9A19103F-16F7-4668-BE54-9A1E7A4F7556}") = "Trady.Analysis", "Trady.Analysis\Trady.Analysis.csproj", "{164C4731-C6A3-41A6-8C32-88F55DB4D5C2}"
EndProject
Project("{9A19103F-16F7-4668-BE54-9A1E7A4F7556}") = "Trady.Core", "Trady.Core\Trady.Core.csproj", "{4C37B65D-3423-4679-836E-98DB29B0FE07}"
EndProject
Project("{9A19103F-16F7-4668-BE54-9A1E7A4F7556}") = "Trady.Importer", "Trady.Importer\Trady.Importer.csproj", "{5BEE518C-42E4-4221-87C8-1AD18225E87B}"
EndProject
Project("{2150E333-8FDC-42A3-9474-1A3956D46DE8}") = "app", "app", "{EE90E48C-AECA-4055-9096-7B2D01520137}"
EndProject
Project("{2150E333-8FDC-42A3-9474-1A3956D46DE8}") = "lib", "lib", "{6560171A-B97B-4E8E-8FE1-854F6B8F94B3}"
EndProject
Project("{9A19103F-16F7-4668-BE54-9A1E7A4F7556}") = "Trady.App.Infrastructure", "Trady.App.Infrastructure\Trady.App.Infrastructure.csproj", "{1041C319-F66D-4ED4-9B5D-1C764E290976}"
EndProject
Project("{9A19103F-16F7-4668-BE54-9A1E7A4F7556}") = "Trady.App.Core", "Trady.App.Core\Trady.App.Core.csproj", "{E97AF0B3-E70E-4B8F-9D04-1D1F9D4D702F}"
EndProject
Project("{9A19103F-16F7-4668-BE54-9A1E7A4F7556}") = "Trady.App.Web", "Trady.App.Web\Trady.App.Web.csproj", "{9D74152A-5EC2-4CE1-8989-B475905C7567}"
EndProject
Project("{9A19103F-16F7-4668-BE54-9A1E7A4F7556}") = "Trady.App.Backend", "Trady.App.Backend\Trady.App.Backend.csproj", "{23EF56B2-D30F-4E40-AF72-257983E3D7FF}"
EndProject
Project("{9A19103F-16F7-4668-BE54-9A1E7A4F7556}") = "Trady.App.Pad", "Trady.App.Pad\Trady.App.Pad.csproj", "{76391139-9F36-4B99-BFFD-BB0D155FD3E2}"
EndProject
Project("{9A19103F-16F7-4668-BE54-9A1E7A4F7556}") = "Trady.Vic", "Trady.Vic\Trady.Vic.csproj", "{73DBEB38-3AA3-460D-99B0-F4CD7CC7835B}"
EndProject
Global
	GlobalSection(SolutionConfigurationPlatforms) = preSolution
		Debug|Any CPU = Debug|Any CPU
		Debug|x64 = Debug|x64
		Debug|x86 = Debug|x86
		Release|Any CPU = Release|Any CPU
		Release|x64 = Release|x64
		Release|x86 = Release|x86
	EndGlobalSection
	GlobalSection(ProjectConfigurationPlatforms) = postSolution
		{164C4731-C6A3-41A6-8C32-88F55DB4D5C2}.Debug|Any CPU.ActiveCfg = Debug|Any CPU
		{164C4731-C6A3-41A6-8C32-88F55DB4D5C2}.Debug|Any CPU.Build.0 = Debug|Any CPU
		{164C4731-C6A3-41A6-8C32-88F55DB4D5C2}.Debug|x64.ActiveCfg = Debug|Any CPU
		{164C4731-C6A3-41A6-8C32-88F55DB4D5C2}.Debug|x64.Build.0 = Debug|Any CPU
		{164C4731-C6A3-41A6-8C32-88F55DB4D5C2}.Debug|x86.ActiveCfg = Debug|Any CPU
		{164C4731-C6A3-41A6-8C32-88F55DB4D5C2}.Debug|x86.Build.0 = Debug|Any CPU
		{164C4731-C6A3-41A6-8C32-88F55DB4D5C2}.Release|Any CPU.ActiveCfg = Release|Any CPU
		{164C4731-C6A3-41A6-8C32-88F55DB4D5C2}.Release|Any CPU.Build.0 = Release|Any CPU
		{164C4731-C6A3-41A6-8C32-88F55DB4D5C2}.Release|x64.ActiveCfg = Release|Any CPU
		{164C4731-C6A3-41A6-8C32-88F55DB4D5C2}.Release|x64.Build.0 = Release|Any CPU
		{164C4731-C6A3-41A6-8C32-88F55DB4D5C2}.Release|x86.ActiveCfg = Release|Any CPU
		{164C4731-C6A3-41A6-8C32-88F55DB4D5C2}.Release|x86.Build.0 = Release|Any CPU
		{4C37B65D-3423-4679-836E-98DB29B0FE07}.Debug|Any CPU.ActiveCfg = Debug|Any CPU
		{4C37B65D-3423-4679-836E-98DB29B0FE07}.Debug|Any CPU.Build.0 = Debug|Any CPU
		{4C37B65D-3423-4679-836E-98DB29B0FE07}.Debug|x64.ActiveCfg = Debug|Any CPU
		{4C37B65D-3423-4679-836E-98DB29B0FE07}.Debug|x64.Build.0 = Debug|Any CPU
		{4C37B65D-3423-4679-836E-98DB29B0FE07}.Debug|x86.ActiveCfg = Debug|Any CPU
		{4C37B65D-3423-4679-836E-98DB29B0FE07}.Debug|x86.Build.0 = Debug|Any CPU
		{4C37B65D-3423-4679-836E-98DB29B0FE07}.Release|Any CPU.ActiveCfg = Release|Any CPU
		{4C37B65D-3423-4679-836E-98DB29B0FE07}.Release|Any CPU.Build.0 = Release|Any CPU
		{4C37B65D-3423-4679-836E-98DB29B0FE07}.Release|x64.ActiveCfg = Release|Any CPU
		{4C37B65D-3423-4679-836E-98DB29B0FE07}.Release|x64.Build.0 = Release|Any CPU
		{4C37B65D-3423-4679-836E-98DB29B0FE07}.Release|x86.ActiveCfg = Release|Any CPU
		{4C37B65D-3423-4679-836E-98DB29B0FE07}.Release|x86.Build.0 = Release|Any CPU
		{5BEE518C-42E4-4221-87C8-1AD18225E87B}.Debug|Any CPU.ActiveCfg = Debug|Any CPU
		{5BEE518C-42E4-4221-87C8-1AD18225E87B}.Debug|Any CPU.Build.0 = Debug|Any CPU
		{5BEE518C-42E4-4221-87C8-1AD18225E87B}.Debug|x64.ActiveCfg = Debug|Any CPU
		{5BEE518C-42E4-4221-87C8-1AD18225E87B}.Debug|x64.Build.0 = Debug|Any CPU
		{5BEE518C-42E4-4221-87C8-1AD18225E87B}.Debug|x86.ActiveCfg = Debug|Any CPU
		{5BEE518C-42E4-4221-87C8-1AD18225E87B}.Debug|x86.Build.0 = Debug|Any CPU
		{5BEE518C-42E4-4221-87C8-1AD18225E87B}.Release|Any CPU.ActiveCfg = Release|Any CPU
		{5BEE518C-42E4-4221-87C8-1AD18225E87B}.Release|Any CPU.Build.0 = Release|Any CPU
		{5BEE518C-42E4-4221-87C8-1AD18225E87B}.Release|x64.ActiveCfg = Release|Any CPU
		{5BEE518C-42E4-4221-87C8-1AD18225E87B}.Release|x64.Build.0 = Release|Any CPU
		{5BEE518C-42E4-4221-87C8-1AD18225E87B}.Release|x86.ActiveCfg = Release|Any CPU
		{5BEE518C-42E4-4221-87C8-1AD18225E87B}.Release|x86.Build.0 = Release|Any CPU
		{1041C319-F66D-4ED4-9B5D-1C764E290976}.Debug|Any CPU.ActiveCfg = Debug|Any CPU
		{1041C319-F66D-4ED4-9B5D-1C764E290976}.Debug|Any CPU.Build.0 = Debug|Any CPU
		{1041C319-F66D-4ED4-9B5D-1C764E290976}.Debug|x64.ActiveCfg = Debug|x64
		{1041C319-F66D-4ED4-9B5D-1C764E290976}.Debug|x64.Build.0 = Debug|x64
		{1041C319-F66D-4ED4-9B5D-1C764E290976}.Debug|x86.ActiveCfg = Debug|x86
		{1041C319-F66D-4ED4-9B5D-1C764E290976}.Debug|x86.Build.0 = Debug|x86
		{1041C319-F66D-4ED4-9B5D-1C764E290976}.Release|Any CPU.ActiveCfg = Release|Any CPU
		{1041C319-F66D-4ED4-9B5D-1C764E290976}.Release|Any CPU.Build.0 = Release|Any CPU
		{1041C319-F66D-4ED4-9B5D-1C764E290976}.Release|x64.ActiveCfg = Release|x64
		{1041C319-F66D-4ED4-9B5D-1C764E290976}.Release|x64.Build.0 = Release|x64
		{1041C319-F66D-4ED4-9B5D-1C764E290976}.Release|x86.ActiveCfg = Release|x86
		{1041C319-F66D-4ED4-9B5D-1C764E290976}.Release|x86.Build.0 = Release|x86
		{E97AF0B3-E70E-4B8F-9D04-1D1F9D4D702F}.Debug|Any CPU.ActiveCfg = Debug|Any CPU
		{E97AF0B3-E70E-4B8F-9D04-1D1F9D4D702F}.Debug|Any CPU.Build.0 = Debug|Any CPU
		{E97AF0B3-E70E-4B8F-9D04-1D1F9D4D702F}.Debug|x64.ActiveCfg = Debug|x64
		{E97AF0B3-E70E-4B8F-9D04-1D1F9D4D702F}.Debug|x64.Build.0 = Debug|x64
		{E97AF0B3-E70E-4B8F-9D04-1D1F9D4D702F}.Debug|x86.ActiveCfg = Debug|x86
		{E97AF0B3-E70E-4B8F-9D04-1D1F9D4D702F}.Debug|x86.Build.0 = Debug|x86
		{E97AF0B3-E70E-4B8F-9D04-1D1F9D4D702F}.Release|Any CPU.ActiveCfg = Release|Any CPU
		{E97AF0B3-E70E-4B8F-9D04-1D1F9D4D702F}.Release|Any CPU.Build.0 = Release|Any CPU
		{E97AF0B3-E70E-4B8F-9D04-1D1F9D4D702F}.Release|x64.ActiveCfg = Release|x64
		{E97AF0B3-E70E-4B8F-9D04-1D1F9D4D702F}.Release|x64.Build.0 = Release|x64
		{E97AF0B3-E70E-4B8F-9D04-1D1F9D4D702F}.Release|x86.ActiveCfg = Release|x86
		{E97AF0B3-E70E-4B8F-9D04-1D1F9D4D702F}.Release|x86.Build.0 = Release|x86
		{9D74152A-5EC2-4CE1-8989-B475905C7567}.Debug|Any CPU.ActiveCfg = Debug|Any CPU
		{9D74152A-5EC2-4CE1-8989-B475905C7567}.Debug|Any CPU.Build.0 = Debug|Any CPU
		{9D74152A-5EC2-4CE1-8989-B475905C7567}.Debug|x64.ActiveCfg = Debug|x64
		{9D74152A-5EC2-4CE1-8989-B475905C7567}.Debug|x64.Build.0 = Debug|x64
		{9D74152A-5EC2-4CE1-8989-B475905C7567}.Debug|x86.ActiveCfg = Debug|x86
		{9D74152A-5EC2-4CE1-8989-B475905C7567}.Debug|x86.Build.0 = Debug|x86
		{9D74152A-5EC2-4CE1-8989-B475905C7567}.Release|Any CPU.ActiveCfg = Release|Any CPU
		{9D74152A-5EC2-4CE1-8989-B475905C7567}.Release|Any CPU.Build.0 = Release|Any CPU
		{9D74152A-5EC2-4CE1-8989-B475905C7567}.Release|x64.ActiveCfg = Release|x64
		{9D74152A-5EC2-4CE1-8989-B475905C7567}.Release|x64.Build.0 = Release|x64
		{9D74152A-5EC2-4CE1-8989-B475905C7567}.Release|x86.ActiveCfg = Release|x86
		{9D74152A-5EC2-4CE1-8989-B475905C7567}.Release|x86.Build.0 = Release|x86
		{23EF56B2-D30F-4E40-AF72-257983E3D7FF}.Debug|Any CPU.ActiveCfg = Debug|Any CPU
		{23EF56B2-D30F-4E40-AF72-257983E3D7FF}.Debug|Any CPU.Build.0 = Debug|Any CPU
		{23EF56B2-D30F-4E40-AF72-257983E3D7FF}.Debug|x64.ActiveCfg = Debug|x64
		{23EF56B2-D30F-4E40-AF72-257983E3D7FF}.Debug|x64.Build.0 = Debug|x64
		{23EF56B2-D30F-4E40-AF72-257983E3D7FF}.Debug|x86.ActiveCfg = Debug|x86
		{23EF56B2-D30F-4E40-AF72-257983E3D7FF}.Debug|x86.Build.0 = Debug|x86
		{23EF56B2-D30F-4E40-AF72-257983E3D7FF}.Release|Any CPU.ActiveCfg = Release|Any CPU
		{23EF56B2-D30F-4E40-AF72-257983E3D7FF}.Release|Any CPU.Build.0 = Release|Any CPU
		{23EF56B2-D30F-4E40-AF72-257983E3D7FF}.Release|x64.ActiveCfg = Release|x64
		{23EF56B2-D30F-4E40-AF72-257983E3D7FF}.Release|x64.Build.0 = Release|x64
		{23EF56B2-D30F-4E40-AF72-257983E3D7FF}.Release|x86.ActiveCfg = Release|x86
		{23EF56B2-D30F-4E40-AF72-257983E3D7FF}.Release|x86.Build.0 = Release|x86
		{76391139-9F36-4B99-BFFD-BB0D155FD3E2}.Debug|Any CPU.ActiveCfg = Debug|Any CPU
		{76391139-9F36-4B99-BFFD-BB0D155FD3E2}.Debug|Any CPU.Build.0 = Debug|Any CPU
		{76391139-9F36-4B99-BFFD-BB0D155FD3E2}.Debug|x64.ActiveCfg = Debug|x64
		{76391139-9F36-4B99-BFFD-BB0D155FD3E2}.Debug|x64.Build.0 = Debug|x64
		{76391139-9F36-4B99-BFFD-BB0D155FD3E2}.Debug|x86.ActiveCfg = Debug|x86
		{76391139-9F36-4B99-BFFD-BB0D155FD3E2}.Debug|x86.Build.0 = Debug|x86
		{76391139-9F36-4B99-BFFD-BB0D155FD3E2}.Release|Any CPU.ActiveCfg = Release|Any CPU
		{76391139-9F36-4B99-BFFD-BB0D155FD3E2}.Release|Any CPU.Build.0 = Release|Any CPU
		{76391139-9F36-4B99-BFFD-BB0D155FD3E2}.Release|x64.ActiveCfg = Release|x64
		{76391139-9F36-4B99-BFFD-BB0D155FD3E2}.Release|x64.Build.0 = Release|x64
		{76391139-9F36-4B99-BFFD-BB0D155FD3E2}.Release|x86.ActiveCfg = Release|x86
		{76391139-9F36-4B99-BFFD-BB0D155FD3E2}.Release|x86.Build.0 = Release|x86
		{73DBEB38-3AA3-460D-99B0-F4CD7CC7835B}.Debug|Any CPU.ActiveCfg = Debug|Any CPU
		{73DBEB38-3AA3-460D-99B0-F4CD7CC7835B}.Debug|Any CPU.Build.0 = Debug|Any CPU
		{73DBEB38-3AA3-460D-99B0-F4CD7CC7835B}.Debug|x64.ActiveCfg = Debug|x64
		{73DBEB38-3AA3-460D-99B0-F4CD7CC7835B}.Debug|x64.Build.0 = Debug|x64
		{73DBEB38-3AA3-460D-99B0-F4CD7CC7835B}.Debug|x86.ActiveCfg = Debug|x86
		{73DBEB38-3AA3-460D-99B0-F4CD7CC7835B}.Debug|x86.Build.0 = Debug|x86
		{73DBEB38-3AA3-460D-99B0-F4CD7CC7835B}.Release|Any CPU.ActiveCfg = Release|Any CPU
		{73DBEB38-3AA3-460D-99B0-F4CD7CC7835B}.Release|Any CPU.Build.0 = Release|Any CPU
		{73DBEB38-3AA3-460D-99B0-F4CD7CC7835B}.Release|x64.ActiveCfg = Release|x64
		{73DBEB38-3AA3-460D-99B0-F4CD7CC7835B}.Release|x64.Build.0 = Release|x64
		{73DBEB38-3AA3-460D-99B0-F4CD7CC7835B}.Release|x86.ActiveCfg = Release|x86
		{73DBEB38-3AA3-460D-99B0-F4CD7CC7835B}.Release|x86.Build.0 = Release|x86
	EndGlobalSection
	GlobalSection(SolutionProperties) = preSolution
		HideSolutionNode = FALSE
	EndGlobalSection
	GlobalSection(NestedProjects) = preSolution
		{164C4731-C6A3-41A6-8C32-88F55DB4D5C2} = {6560171A-B97B-4E8E-8FE1-854F6B8F94B3}
		{4C37B65D-3423-4679-836E-98DB29B0FE07} = {6560171A-B97B-4E8E-8FE1-854F6B8F94B3}
		{5BEE518C-42E4-4221-87C8-1AD18225E87B} = {6560171A-B97B-4E8E-8FE1-854F6B8F94B3}
		{1041C319-F66D-4ED4-9B5D-1C764E290976} = {EE90E48C-AECA-4055-9096-7B2D01520137}
		{E97AF0B3-E70E-4B8F-9D04-1D1F9D4D702F} = {EE90E48C-AECA-4055-9096-7B2D01520137}
		{9D74152A-5EC2-4CE1-8989-B475905C7567} = {EE90E48C-AECA-4055-9096-7B2D01520137}
		{23EF56B2-D30F-4E40-AF72-257983E3D7FF} = {EE90E48C-AECA-4055-9096-7B2D01520137}
		{76391139-9F36-4B99-BFFD-BB0D155FD3E2} = {EE90E48C-AECA-4055-9096-7B2D01520137}
		{73DBEB38-3AA3-460D-99B0-F4CD7CC7835B} = {6560171A-B97B-4E8E-8FE1-854F6B8F94B3}
	EndGlobalSection
EndGlobal
